
Microsoft Visual Studio Solution File, Format Version 12.00
# Visual Studio Version 17
VisualStudioVersion = 17.8.34322.80
MinimumVisualStudioVersion = 10.0.40219.1
Project("{FAE04EC0-301F-11D3-BF4B-00C04F79EFBC}") = "DesafioCurso.Domain", "DesafioCurso.Domain\DesafioCurso.Domain.csproj", "{62783FA4-A398-4263-8CD1-05BCACB78C01}"
EndProject
Project("{FAE04EC0-301F-11D3-BF4B-00C04F79EFBC}") = "DesafioCurso.Application", "DesafioCurso.Application\DesafioCurso.Application.csproj", "{44BBA460-8CFB-4941-9B83-A18F5D268E2D}"
EndProject
Project("{FAE04EC0-301F-11D3-BF4B-00C04F79EFBC}") = "DesafioCurso.Infra.Data", "DesafioCurso.Infra.Data\DesafioCurso.Infra.Data.csproj", "{08063FF6-7055-41E1-9B51-421B7E00C19B}"
EndProject
Project("{FAE04EC0-301F-11D3-BF4B-00C04F79EFBC}") = "DesafioCurso.Infra.Ioc", "DesafioCurso.Infra.Ioc\DesafioCurso.Infra.Ioc.csproj", "{ACAF0A8A-8458-4961-A6B9-EF731B1A9157}"
EndProject
Project("{FAE04EC0-301F-11D3-BF4B-00C04F79EFBC}") = "DesafioCurso.Api", "DesafioCurso.Api\DesafioCurso.Api.csproj", "{94B76036-87F8-401B-BF37-E2CC0F2E102C}"
EndProject
Global
	GlobalSection(SolutionConfigurationPlatforms) = preSolution
		Debug|Any CPU = Debug|Any CPU
		Release|Any CPU = Release|Any CPU
	EndGlobalSection
	GlobalSection(ProjectConfigurationPlatforms) = postSolution
		{62783FA4-A398-4263-8CD1-05BCACB78C01}.Debug|Any CPU.ActiveCfg = Debug|Any CPU
		{62783FA4-A398-4263-8CD1-05BCACB78C01}.Debug|Any CPU.Build.0 = Debug|Any CPU
		{62783FA4-A398-4263-8CD1-05BCACB78C01}.Release|Any CPU.ActiveCfg = Release|Any CPU
		{62783FA4-A398-4263-8CD1-05BCACB78C01}.Release|Any CPU.Build.0 = Release|Any CPU
		{44BBA460-8CFB-4941-9B83-A18F5D268E2D}.Debug|Any CPU.ActiveCfg = Debug|Any CPU
		{44BBA460-8CFB-4941-9B83-A18F5D268E2D}.Debug|Any CPU.Build.0 = Debug|Any CPU
		{44BBA460-8CFB-4941-9B83-A18F5D268E2D}.Release|Any CPU.ActiveCfg = Release|Any CPU
		{44BBA460-8CFB-4941-9B83-A18F5D268E2D}.Release|Any CPU.Build.0 = Release|Any CPU
		{08063FF6-7055-41E1-9B51-421B7E00C19B}.Debug|Any CPU.ActiveCfg = Debug|Any CPU
		{08063FF6-7055-41E1-9B51-421B7E00C19B}.Debug|Any CPU.Build.0 = Debug|Any CPU
		{08063FF6-7055-41E1-9B51-421B7E00C19B}.Release|Any CPU.ActiveCfg = Release|Any CPU
		{08063FF6-7055-41E1-9B51-421B7E00C19B}.Release|Any CPU.Build.0 = Release|Any CPU
		{ACAF0A8A-8458-4961-A6B9-EF731B1A9157}.Debug|Any CPU.ActiveCfg = Debug|Any CPU
		{ACAF0A8A-8458-4961-A6B9-EF731B1A9157}.Debug|Any CPU.Build.0 = Debug|Any CPU
		{ACAF0A8A-8458-4961-A6B9-EF731B1A9157}.Release|Any CPU.ActiveCfg = Release|Any CPU
		{ACAF0A8A-8458-4961-A6B9-EF731B1A9157}.Release|Any CPU.Build.0 = Release|Any CPU
		{94B76036-87F8-401B-BF37-E2CC0F2E102C}.Debug|Any CPU.ActiveCfg = Debug|Any CPU
		{94B76036-87F8-401B-BF37-E2CC0F2E102C}.Debug|Any CPU.Build.0 = Debug|Any CPU
		{94B76036-87F8-401B-BF37-E2CC0F2E102C}.Release|Any CPU.ActiveCfg = Release|Any CPU
		{94B76036-87F8-401B-BF37-E2CC0F2E102C}.Release|Any CPU.Build.0 = Release|Any CPU
	EndGlobalSection
	GlobalSection(SolutionProperties) = preSolution
		HideSolutionNode = FALSE
	EndGlobalSection
	GlobalSection(ExtensibilityGlobals) = postSolution
		SolutionGuid = {9D317FE2-08A9-4776-A886-044678646269}
	EndGlobalSection
EndGlobal
